
Microsoft Visual Studio Solution File, Format Version 12.00
# Visual Studio 16
Project("{FAE04EC0-301F-11D3-BF4B-00C04F79EFBC}") = "Assembly-CSharp", "Assembly-CSharp.csproj", "{B0194498-3B46-2622-3842-4B8074B6CC58}"
EndProject
Global
	GlobalSection(SolutionConfigurationPlatforms) = preSolution
		Debug|Any CPU = Debug|Any CPU
		Release|Any CPU = Release|Any CPU
	EndGlobalSection
	GlobalSection(ProjectConfigurationPlatforms) = postSolution
		{B0194498-3B46-2622-3842-4B8074B6CC58}.Debug|Any CPU.ActiveCfg = Debug|Any CPU
		{B0194498-3B46-2622-3842-4B8074B6CC58}.Debug|Any CPU.Build.0 = Debug|Any CPU
		{B0194498-3B46-2622-3842-4B8074B6CC58}.Release|Any CPU.ActiveCfg = Release|Any CPU
		{B0194498-3B46-2622-3842-4B8074B6CC58}.Release|Any CPU.Build.0 = Release|Any CPU
	EndGlobalSection
	GlobalSection(SolutionProperties) = preSolution
		HideSolutionNode = FALSE
	EndGlobalSection
EndGlobal
